
Microsoft Visual Studio Solution File, Format Version 12.00
# Visual Studio Version 17
VisualStudioVersion = 17.0.32014.148
MinimumVisualStudioVersion = 10.0.40219.1
Project("{FAE04EC0-301F-11D3-BF4B-00C04F79EFBC}") = "University", "University\University.csproj", "{24A3DCE2-8B16-4033-B360-3BE198B52E0C}"
EndProject
Global
	GlobalSection(SolutionConfigurationPlatforms) = preSolution
		Debug|Any CPU = Debug|Any CPU
		Release|Any CPU = Release|Any CPU
	EndGlobalSection
	GlobalSection(ProjectConfigurationPlatforms) = postSolution
		{24A3DCE2-8B16-4033-B360-3BE198B52E0C}.Debug|Any CPU.ActiveCfg = Debug|Any CPU
		{24A3DCE2-8B16-4033-B360-3BE198B52E0C}.Debug|Any CPU.Build.0 = Debug|Any CPU
		{24A3DCE2-8B16-4033-B360-3BE198B52E0C}.Release|Any CPU.ActiveCfg = Release|Any CPU
		{24A3DCE2-8B16-4033-B360-3BE198B52E0C}.Release|Any CPU.Build.0 = Release|Any CPU
	EndGlobalSection
	GlobalSection(SolutionProperties) = preSolution
		HideSolutionNode = FALSE
	EndGlobalSection
	GlobalSection(ExtensibilityGlobals) = postSolution
		SolutionGuid = {FC8B5816-F277-426E-B7AD-9616F8F7EE40}
	EndGlobalSection
EndGlobal
